
Microsoft Visual Studio Solution File, Format Version 12.00
# Visual Studio Version 16
VisualStudioVersion = 16.0.31025.194
MinimumVisualStudioVersion = 10.0.40219.1
Project("{9A19103F-16F7-4668-BE54-9A1E7A4F7556}") = "THSRLazyBird", "THSRLazyBird.csproj", "{1218CA6B-2D51-4CFA-8FA8-11D642802561}"
EndProject
Project("{9A19103F-16F7-4668-BE54-9A1E7A4F7556}") = "THSRCrawler", "..\THSRCrawler\THSRCrawler.csproj", "{9881B6FB-A4F2-4466-AB72-A415D9EC49B1}"
EndProject
Project("{9A19103F-16F7-4668-BE54-9A1E7A4F7556}") = "THSRTest", "THSRTest\THSRTest.csproj", "{30C0133C-406E-48E2-A6B4-25317A7B8EB5}"
EndProject
Global
	GlobalSection(SolutionConfigurationPlatforms) = preSolution
		Debug|Any CPU = Debug|Any CPU
		Release|Any CPU = Release|Any CPU
	EndGlobalSection
	GlobalSection(ProjectConfigurationPlatforms) = postSolution
		{1218CA6B-2D51-4CFA-8FA8-11D642802561}.Debug|Any CPU.ActiveCfg = Debug|Any CPU
		{1218CA6B-2D51-4CFA-8FA8-11D642802561}.Debug|Any CPU.Build.0 = Debug|Any CPU
		{1218CA6B-2D51-4CFA-8FA8-11D642802561}.Release|Any CPU.ActiveCfg = Release|Any CPU
		{1218CA6B-2D51-4CFA-8FA8-11D642802561}.Release|Any CPU.Build.0 = Release|Any CPU
		{9881B6FB-A4F2-4466-AB72-A415D9EC49B1}.Debug|Any CPU.ActiveCfg = Debug|Any CPU
		{9881B6FB-A4F2-4466-AB72-A415D9EC49B1}.Debug|Any CPU.Build.0 = Debug|Any CPU
		{9881B6FB-A4F2-4466-AB72-A415D9EC49B1}.Release|Any CPU.ActiveCfg = Release|Any CPU
		{9881B6FB-A4F2-4466-AB72-A415D9EC49B1}.Release|Any CPU.Build.0 = Release|Any CPU
		{30C0133C-406E-48E2-A6B4-25317A7B8EB5}.Debug|Any CPU.ActiveCfg = Debug|Any CPU
		{30C0133C-406E-48E2-A6B4-25317A7B8EB5}.Debug|Any CPU.Build.0 = Debug|Any CPU
		{30C0133C-406E-48E2-A6B4-25317A7B8EB5}.Release|Any CPU.ActiveCfg = Release|Any CPU
		{30C0133C-406E-48E2-A6B4-25317A7B8EB5}.Release|Any CPU.Build.0 = Release|Any CPU
	EndGlobalSection
	GlobalSection(SolutionProperties) = preSolution
		HideSolutionNode = FALSE
	EndGlobalSection
	GlobalSection(ExtensibilityGlobals) = postSolution
		SolutionGuid = {5999BFD4-CF58-46CB-9666-3654ABC6CDBC}
	EndGlobalSection
EndGlobal
